// !$*UTF8*$!
{
	archiveVersion = 1;
	classes = {
	};
	objectVersion = 77;
	objects = {

/* Begin PBXBuildFile section */
		E0F3C7152E21D04C00148A72 /* Assets.xcassets in Resources */ = {isa = PBXBuildFile; fileRef = E0F3C7142E21D04C00148A72 /* Assets.xcassets */; };
		E0F3C7282E21D2F600148A72 /* ShroudingerExtension.appex in Embed App Extensions */ = {isa = PBXBuildFile; fileRef = E0F3C71E2E21D2F600148A72 /* ShroudingerExtension.appex */; settings = {ATTRIBUTES = (RemoveHeadersOnCopy, ); }; };
/* End PBXBuildFile section */

/* Begin PBXContainerItemProxy section */
		E0F3C6F02E21CD3100148A72 /* PBXContainerItemProxy */ = {
			isa = PBXContainerItemProxy;
			containerPortal = E0F3C6D92E21CD3000148A72 /* Project object */;
			proxyType = 1;
			remoteGlobalIDString = E0F3C6E02E21CD3000148A72;
			remoteInfo = Shroudinger;
		};
		E0F3C6FA2E21CD3100148A72 /* PBXContainerItemProxy */ = {
			isa = PBXContainerItemProxy;
			containerPortal = E0F3C6D92E21CD3000148A72 /* Project object */;
			proxyType = 1;
			remoteGlobalIDString = E0F3C6E02E21CD3000148A72;
			remoteInfo = Shroudinger;
		};
		E0F3C7262E21D2F600148A72 /* PBXContainerItemProxy */ = {
			isa = PBXContainerItemProxy;
			containerPortal = E0F3C6D92E21CD3000148A72 /* Project object */;
			proxyType = 1;
			remoteGlobalIDString = E0F3C71D2E21D2F600148A72;
			remoteInfo = ShroudingerExtension;
		};
/* End PBXContainerItemProxy section */

/* Begin PBXCopyFilesBuildPhase section */
		E0F3C72D2E21D2F600148A72 /* Embed App Extensions */ = {
			isa = PBXCopyFilesBuildPhase;
			buildActionMask = 2147483647;
			dstPath = "";
			dstSubfolderSpec = 13;
			files = (
				E0F3C7282E21D2F600148A72 /* ShroudingerExtension.appex in Embed App Extensions */,
			);
			name = "Embed App Extensions";
			runOnlyForDeploymentPostprocessing = 0;
		};
/* End PBXCopyFilesBuildPhase section */

/* Begin PBXFileReference section */
		E0F3C6E12E21CD3000148A72 /* Shroudinger.app */ = {isa = PBXFileReference; explicitFileType = wrapper.application; includeInIndex = 0; path = Shroudinger.app; sourceTree = BUILT_PRODUCTS_DIR; };
		E0F3C6EF2E21CD3100148A72 /* ShroudingerTests.xctest */ = {isa = PBXFileReference; explicitFileType = wrapper.cfbundle; includeInIndex = 0; path = ShroudingerTests.xctest; sourceTree = BUILT_PRODUCTS_DIR; };
		E0F3C6F92E21CD3100148A72 /* ShroudingerUITests.xctest */ = {isa = PBXFileReference; explicitFileType = wrapper.cfbundle; includeInIndex = 0; path = ShroudingerUITests.xctest; sourceTree = BUILT_PRODUCTS_DIR; };
		E0F3C7142E21D04C00148A72 /* Assets.xcassets */ = {isa = PBXFileReference; lastKnownFileType = folder.assetcatalog; path = Assets.xcassets; sourceTree = "<group>"; };
		E0F3C7192E21D24E00148A72 /* Shroudinger.entitlements */ = {isa = PBXFileReference; lastKnownFileType = text.plist.entitlements; path = Shroudinger.entitlements; sourceTree = "<group>"; };
		E0F3C71E2E21D2F600148A72 /* ShroudingerExtension.appex */ = {isa = PBXFileReference; explicitFileType = "wrapper.app-extension"; includeInIndex = 0; path = ShroudingerExtension.appex; sourceTree = BUILT_PRODUCTS_DIR; };
/* End PBXFileReference section */

/* Begin PBXFileSystemSynchronizedRootGroup section */
		E0F3C6E32E21CD3000148A72 /* Shroudinger */ = {
			isa = PBXFileSystemSynchronizedRootGroup;
			path = Shroudinger;
			sourceTree = "<group>";
		};
		E0F3C6F22E21CD3100148A72 /* ShroudingerTests */ = {
			isa = PBXFileSystemSynchronizedRootGroup;
			path = ShroudingerTests;
			sourceTree = "<group>";
		};
		E0F3C6FC2E21CD3100148A72 /* ShroudingerUITests */ = {
			isa = PBXFileSystemSynchronizedRootGroup;
			path = ShroudingerUITests;
			sourceTree = "<group>";
		};
		E0F3C71F2E21D2F600148A72 /* ShroudingerExtension */ = {
			isa = PBXFileSystemSynchronizedRootGroup;
			path = ShroudingerExtension;
			sourceTree = "<group>";
		};
/* End PBXFileSystemSynchronizedRootGroup section */

/* Begin PBXFrameworksBuildPhase section */
		E0F3C6DE2E21CD3000148A72 /* Frameworks */ = {
			isa = PBXFrameworksBuildPhase;
			buildActionMask = 2147483647;
			files = (
			);
			runOnlyForDeploymentPostprocessing = 0;
		};
		E0F3C6EC2E21CD3100148A72 /* Frameworks */ = {
			isa = PBXFrameworksBuildPhase;
			buildActionMask = 2147483647;
			files = (
			);
			runOnlyForDeploymentPostprocessing = 0;
		};
		E0F3C6F62E21CD3100148A72 /* Frameworks */ = {
			isa = PBXFrameworksBuildPhase;
			buildActionMask = 2147483647;
			files = (
			);
			runOnlyForDeploymentPostprocessing = 0;
		};
		E0F3C71B2E21D2F600148A72 /* Frameworks */ = {
			isa = PBXFrameworksBuildPhase;
			buildActionMask = 2147483647;
			files = (
			);
			runOnlyForDeploymentPostprocessing = 0;
		};
/* End PBXFrameworksBuildPhase section */

/* Begin PBXGroup section */
		E0F3C6D82E21CD3000148A72 = {
			isa = PBXGroup;
			children = (
				E0F3C7192E21D24E00148A72 /* Shroudinger.entitlements */,
				E0F3C7142E21D04C00148A72 /* Assets.xcassets */,
				E0F3C6E32E21CD3000148A72 /* Shroudinger */,
				E0F3C6F22E21CD3100148A72 /* ShroudingerTests */,
				E0F3C6FC2E21CD3100148A72 /* ShroudingerUITests */,
				E0F3C71F2E21D2F600148A72 /* ShroudingerExtension */,
				E0F3C6E22E21CD3000148A72 /* Products */,
			);
			sourceTree = "<group>";
		};
		E0F3C6E22E21CD3000148A72 /* Products */ = {
			isa = PBXGroup;
			children = (
				E0F3C6E12E21CD3000148A72 /* Shroudinger.app */,
				E0F3C6EF2E21CD3100148A72 /* ShroudingerTests.xctest */,
				E0F3C6F92E21CD3100148A72 /* ShroudingerUITests.xctest */,
				E0F3C71E2E21D2F600148A72 /* ShroudingerExtension.appex */,
			);
			name = Products;
			sourceTree = "<group>";
		};
/* End PBXGroup section */

/* Begin PBXNativeTarget section */
		E0F3C6E02E21CD3000148A72 /* Shroudinger */ = {
			isa = PBXNativeTarget;
			buildConfigurationList = E0F3C7032E21CD3100148A72 /* Build configuration list for PBXNativeTarget "Shroudinger" */;
			buildPhases = (
				E0F3C6DD2E21CD3000148A72 /* Sources */,
				E0F3C6DE2E21CD3000148A72 /* Frameworks */,
				E0F3C6DF2E21CD3000148A72 /* Resources */,
				E0F3C72D2E21D2F600148A72 /* Embed App Extensions */,
			);
			buildRules = (
			);
			dependencies = (
				E0F3C7272E21D2F600148A72 /* PBXTargetDependency */,
			);
			fileSystemSynchronizedGroups = (
				E0F3C6E32E21CD3000148A72 /* Shroudinger */,
			);
			name = Shroudinger;
			packageProductDependencies = (
			);
			productName = Shroudinger;
			productReference = E0F3C6E12E21CD3000148A72 /* Shroudinger.app */;
			productType = "com.apple.product-type.application";
		};
		E0F3C6EE2E21CD3100148A72 /* ShroudingerTests */ = {
			isa = PBXNativeTarget;
			buildConfigurationList = E0F3C7062E21CD3100148A72 /* Build configuration list for PBXNativeTarget "ShroudingerTests" */;
			buildPhases = (
				E0F3C6EB2E21CD3100148A72 /* Sources */,
				E0F3C6EC2E21CD3100148A72 /* Frameworks */,
				E0F3C6ED2E21CD3100148A72 /* Resources */,
			);
			buildRules = (
			);
			dependencies = (
				E0F3C6F12E21CD3100148A72 /* PBXTargetDependency */,
			);
			fileSystemSynchronizedGroups = (
				E0F3C6F22E21CD3100148A72 /* ShroudingerTests */,
			);
			name = ShroudingerTests;
			packageProductDependencies = (
			);
			productName = ShroudingerTests;
			productReference = E0F3C6EF2E21CD3100148A72 /* ShroudingerTests.xctest */;
			productType = "com.apple.product-type.bundle.unit-test";
		};
		E0F3C6F82E21CD3100148A72 /* ShroudingerUITests */ = {
			isa = PBXNativeTarget;
			buildConfigurationList = E0F3C7092E21CD3100148A72 /* Build configuration list for PBXNativeTarget "ShroudingerUITests" */;
			buildPhases = (
				E0F3C6F52E21CD3100148A72 /* Sources */,
				E0F3C6F62E21CD3100148A72 /* Frameworks */,
				E0F3C6F72E21CD3100148A72 /* Resources */,
			);
			buildRules = (
			);
			dependencies = (
				E0F3C6FB2E21CD3100148A72 /* PBXTargetDependency */,
			);
			fileSystemSynchronizedGroups = (
				E0F3C6FC2E21CD3100148A72 /* ShroudingerUITests */,
			);
			name = ShroudingerUITests;
			packageProductDependencies = (
			);
			productName = ShroudingerUITests;
			productReference = E0F3C6F92E21CD3100148A72 /* ShroudingerUITests.xctest */;
			productType = "com.apple.product-type.bundle.ui-testing";
		};
		E0F3C71D2E21D2F600148A72 /* ShroudingerExtension */ = {
			isa = PBXNativeTarget;
			buildConfigurationList = E0F3C72A2E21D2F600148A72 /* Build configuration list for PBXNativeTarget "ShroudingerExtension" */;
			buildPhases = (
				E0F3C71A2E21D2F600148A72 /* Sources */,
				E0F3C71B2E21D2F600148A72 /* Frameworks */,
				E0F3C71C2E21D2F600148A72 /* Resources */,
			);
			buildRules = (
			);
			dependencies = (
			);
			fileSystemSynchronizedGroups = (
				E0F3C71F2E21D2F600148A72 /* ShroudingerExtension */,
			);
			name = ShroudingerExtension;
			packageProductDependencies = (
			);
			productName = ShroudingerExtension;
			productReference = E0F3C71E2E21D2F600148A72 /* ShroudingerExtension.appex */;
			productType = "com.apple.product-type.app-extension";
		};
/* End PBXNativeTarget section */

/* Begin PBXProject section */
		E0F3C6D92E21CD3000148A72 /* Project object */ = {
			isa = PBXProject;
			attributes = {
				BuildIndependentTargetsInParallel = 1;
				LastSwiftUpdateCheck = 1640;
				LastUpgradeCheck = 1640;
				TargetAttributes = {
					E0F3C6E02E21CD3000148A72 = {
						CreatedOnToolsVersion = 16.4;
					};
					E0F3C6EE2E21CD3100148A72 = {
						CreatedOnToolsVersion = 16.4;
						TestTargetID = E0F3C6E02E21CD3000148A72;
					};
					E0F3C6F82E21CD3100148A72 = {
						CreatedOnToolsVersion = 16.4;
						TestTargetID = E0F3C6E02E21CD3000148A72;
					};
					E0F3C71D2E21D2F600148A72 = {
						CreatedOnToolsVersion = 16.4;
					};
				};
			};
			buildConfigurationList = E0F3C6DC2E21CD3000148A72 /* Build configuration list for PBXProject "Shroudinger" */;
			developmentRegion = en;
			hasScannedForEncodings = 0;
			knownRegions = (
				en,
				Base,
			);
			mainGroup = E0F3C6D82E21CD3000148A72;
			minimizedProjectReferenceProxies = 1;
			preferredProjectObjectVersion = 77;
			productRefGroup = E0F3C6E22E21CD3000148A72 /* Products */;
			projectDirPath = "";
			projectRoot = "";
			targets = (
				E0F3C6E02E21CD3000148A72 /* Shroudinger */,
				E0F3C6EE2E21CD3100148A72 /* ShroudingerTests */,
				E0F3C6F82E21CD3100148A72 /* ShroudingerUITests */,
				E0F3C71D2E21D2F600148A72 /* ShroudingerExtension */,
			);
		};
/* End PBXProject section */

/* Begin PBXResourcesBuildPhase section */
		E0F3C6DF2E21CD3000148A72 /* Resources */ = {
			isa = PBXResourcesBuildPhase;
			buildActionMask = 2147483647;
			files = (
				E0F3C7152E21D04C00148A72 /* Assets.xcassets in Resources */,
			);
			runOnlyForDeploymentPostprocessing = 0;
		};
		E0F3C6ED2E21CD3100148A72 /* Resources */ = {
			isa = PBXResourcesBuildPhase;
			buildActionMask = 2147483647;
			files = (
			);
			runOnlyForDeploymentPostprocessing = 0;
		};
		E0F3C6F72E21CD3100148A72 /* Resources */ = {
			isa = PBXResourcesBuildPhase;
			buildActionMask = 2147483647;
			files = (
			);
			runOnlyForDeploymentPostprocessing = 0;
		};
		E0F3C71C2E21D2F600148A72 /* Resources */ = {
			isa = PBXResourcesBuildPhase;
			buildActionMask = 2147483647;
			files = (
			);
			runOnlyForDeploymentPostprocessing = 0;
		};
/* End PBXResourcesBuildPhase section */

/* Begin PBXSourcesBuildPhase section */
		E0F3C6DD2E21CD3000148A72 /* Sources */ = {
			isa = PBXSourcesBuildPhase;
			buildActionMask = 2147483647;
			files = (
			);
			runOnlyForDeploymentPostprocessing = 0;
		};
		E0F3C6EB2E21CD3100148A72 /* Sources */ = {
			isa = PBXSourcesBuildPhase;
			buildActionMask = 2147483647;
			files = (
			);
			runOnlyForDeploymentPostprocessing = 0;
		};
		E0F3C6F52E21CD3100148A72 /* Sources */ = {
			isa = PBXSourcesBuildPhase;
			buildActionMask = 2147483647;
			files = (
			);
			runOnlyForDeploymentPostprocessing = 0;
		};
		E0F3C71A2E21D2F600148A72 /* Sources */ = {
			isa = PBXSourcesBuildPhase;
			buildActionMask = 2147483647;
			files = (
			);
			runOnlyForDeploymentPostprocessing = 0;
		};
/* End PBXSourcesBuildPhase section */

/* Begin PBXTargetDependency section */
		E0F3C6F12E21CD3100148A72 /* PBXTargetDependency */ = {
			isa = PBXTargetDependency;
			target = E0F3C6E02E21CD3000148A72 /* Shroudinger */;
			targetProxy = E0F3C6F02E21CD3100148A72 /* PBXContainerItemProxy */;
		};
		E0F3C6FB2E21CD3100148A72 /* PBXTargetDependency */ = {
			isa = PBXTargetDependency;
			target = E0F3C6E02E21CD3000148A72 /* Shroudinger */;
			targetProxy = E0F3C6FA2E21CD3100148A72 /* PBXContainerItemProxy */;
		};
		E0F3C7272E21D2F600148A72 /* PBXTargetDependency */ = {
			isa = PBXTargetDependency;
			target = E0F3C71D2E21D2F600148A72 /* ShroudingerExtension */;
			targetProxy = E0F3C7262E21D2F600148A72 /* PBXContainerItemProxy */;
		};
/* End PBXTargetDependency section */

/* Begin XCBuildConfiguration section */
		E0F3C7012E21CD3100148A72 /* Debug */ = {
			isa = XCBuildConfiguration;
			buildSettings = {
				ALWAYS_SEARCH_USER_PATHS = NO;
				ASSETCATALOG_COMPILER_GENERATE_SWIFT_ASSET_SYMBOL_EXTENSIONS = YES;
				CLANG_ANALYZER_NONNULL = YES;
				CLANG_ANALYZER_NUMBER_OBJECT_CONVERSION = YES_AGGRESSIVE;
				CLANG_CXX_LANGUAGE_STANDARD = "gnu++20";
				CLANG_ENABLE_MODULES = YES;
				CLANG_ENABLE_OBJC_ARC = YES;
				CLANG_ENABLE_OBJC_WEAK = YES;
				CLANG_WARN_BLOCK_CAPTURE_AUTORELEASING = YES;
				CLANG_WARN_BOOL_CONVERSION = YES;
				CLANG_WARN_COMMA = YES;
				CLANG_WARN_CONSTANT_CONVERSION = YES;
				CLANG_WARN_DEPRECATED_OBJC_IMPLEMENTATIONS = YES;
				CLANG_WARN_DIRECT_OBJC_ISA_USAGE = YES_ERROR;
				CLANG_WARN_DOCUMENTATION_COMMENTS = YES;
				CLANG_WARN_EMPTY_BODY = YES;
				CLANG_WARN_ENUM_CONVERSION = YES;
				CLANG_WARN_INFINITE_RECURSION = YES;
				CLANG_WARN_INT_CONVERSION = YES;
				CLANG_WARN_NON_LITERAL_NULL_CONVERSION = YES;
				CLANG_WARN_OBJC_IMPLICIT_RETAIN_SELF = YES;
				CLANG_WARN_OBJC_LITERAL_CONVERSION = YES;
				CLANG_WARN_OBJC_ROOT_CLASS = YES_ERROR;
				CLANG_WARN_QUOTED_INCLUDE_IN_FRAMEWORK_HEADER = YES;
				CLANG_WARN_RANGE_LOOP_ANALYSIS = YES;
				CLANG_WARN_STRICT_PROTOTYPES = YES;
				CLANG_WARN_SUSPICIOUS_MOVE = YES;
				CLANG_WARN_UNGUARDED_AVAILABILITY = YES_AGGRESSIVE;
				CLANG_WARN_UNREACHABLE_CODE = YES;
				CLANG_WARN__DUPLICATE_METHOD_MATCH = YES;
				COPY_PHASE_STRIP = NO;
				DEBUG_INFORMATION_FORMAT = dwarf;
				DEVELOPMENT_TEAM = AGNFU8AHY4;
				ENABLE_STRICT_OBJC_MSGSEND = YES;
				ENABLE_TESTABILITY = YES;
				ENABLE_USER_SCRIPT_SANDBOXING = YES;
				GCC_C_LANGUAGE_STANDARD = gnu17;
				GCC_DYNAMIC_NO_PIC = NO;
				GCC_NO_COMMON_BLOCKS = YES;
				GCC_OPTIMIZATION_LEVEL = 0;
				GCC_PREPROCESSOR_DEFINITIONS = (
					"DEBUG=1",
					"$(inherited)",
				);
				GCC_WARN_64_TO_32_BIT_CONVERSION = YES;
				GCC_WARN_ABOUT_RETURN_TYPE = YES_ERROR;
				GCC_WARN_UNDECLARED_SELECTOR = YES;
				GCC_WARN_UNINITIALIZED_AUTOS = YES_AGGRESSIVE;
				GCC_WARN_UNUSED_FUNCTION = YES;
				GCC_WARN_UNUSED_VARIABLE = YES;
				LOCALIZATION_PREFERS_STRING_CATALOGS = YES;
				MACOSX_DEPLOYMENT_TARGET = 13.0;
				MTL_ENABLE_DEBUG_INFO = INCLUDE_SOURCE;
				MTL_FAST_MATH = YES;
				ONLY_ACTIVE_ARCH = YES;
				PRODUCT_BUNDLE_IDENTIFIER = blubberstudios.Shroudinger;
				SDKROOT = macosx;
				SWIFT_ACTIVE_COMPILATION_CONDITIONS = "DEBUG $(inherited)";
				SWIFT_OPTIMIZATION_LEVEL = "-Onone";
			};
			name = Debug;
		};
		E0F3C7022E21CD3100148A72 /* Release */ = {
			isa = XCBuildConfiguration;
			buildSettings = {
				ALWAYS_SEARCH_USER_PATHS = NO;
				ASSETCATALOG_COMPILER_GENERATE_SWIFT_ASSET_SYMBOL_EXTENSIONS = YES;
				CLANG_ANALYZER_NONNULL = YES;
				CLANG_ANALYZER_NUMBER_OBJECT_CONVERSION = YES_AGGRESSIVE;
				CLANG_CXX_LANGUAGE_STANDARD = "gnu++20";
				CLANG_ENABLE_MODULES = YES;
				CLANG_ENABLE_OBJC_ARC = YES;
				CLANG_ENABLE_OBJC_WEAK = YES;
				CLANG_WARN_BLOCK_CAPTURE_AUTORELEASING = YES;
				CLANG_WARN_BOOL_CONVERSION = YES;
				CLANG_WARN_COMMA = YES;
				CLANG_WARN_CONSTANT_CONVERSION = YES;
				CLANG_WARN_DEPRECATED_OBJC_IMPLEMENTATIONS = YES;
				CLANG_WARN_DIRECT_OBJC_ISA_USAGE = YES_ERROR;
				CLANG_WARN_DOCUMENTATION_COMMENTS = YES;
				CLANG_WARN_EMPTY_BODY = YES;
				CLANG_WARN_ENUM_CONVERSION = YES;
				CLANG_WARN_INFINITE_RECURSION = YES;
				CLANG_WARN_INT_CONVERSION = YES;
				CLANG_WARN_NON_LITERAL_NULL_CONVERSION = YES;
				CLANG_WARN_OBJC_IMPLICIT_RETAIN_SELF = YES;
				CLANG_WARN_OBJC_LITERAL_CONVERSION = YES;
				CLANG_WARN_OBJC_ROOT_CLASS = YES_ERROR;
				CLANG_WARN_QUOTED_INCLUDE_IN_FRAMEWORK_HEADER = YES;
				CLANG_WARN_RANGE_LOOP_ANALYSIS = YES;
				CLANG_WARN_STRICT_PROTOTYPES = YES;
				CLANG_WARN_SUSPICIOUS_MOVE = YES;
				CLANG_WARN_UNGUARDED_AVAILABILITY = YES_AGGRESSIVE;
				CLANG_WARN_UNREACHABLE_CODE = YES;
				CLANG_WARN__DUPLICATE_METHOD_MATCH = YES;
				COPY_PHASE_STRIP = NO;
				DEBUG_INFORMATION_FORMAT = "dwarf-with-dsym";
				DEVELOPMENT_TEAM = AGNFU8AHY4;
				ENABLE_NS_ASSERTIONS = NO;
				ENABLE_STRICT_OBJC_MSGSEND = YES;
				ENABLE_USER_SCRIPT_SANDBOXING = YES;
				GCC_C_LANGUAGE_STANDARD = gnu17;
				GCC_NO_COMMON_BLOCKS = YES;
				GCC_WARN_64_TO_32_BIT_CONVERSION = YES;
				GCC_WARN_ABOUT_RETURN_TYPE = YES_ERROR;
				GCC_WARN_UNDECLARED_SELECTOR = YES;
				GCC_WARN_UNINITIALIZED_AUTOS = YES_AGGRESSIVE;
				GCC_WARN_UNUSED_FUNCTION = YES;
				GCC_WARN_UNUSED_VARIABLE = YES;
				LOCALIZATION_PREFERS_STRING_CATALOGS = YES;
				MACOSX_DEPLOYMENT_TARGET = 13.0;
				MTL_ENABLE_DEBUG_INFO = NO;
				MTL_FAST_MATH = YES;
				PRODUCT_BUNDLE_IDENTIFIER = blubberstudios.Shroudinger;
				SDKROOT = macosx;
				SWIFT_COMPILATION_MODE = wholemodule;
			};
			name = Release;
		};
		E0F3C7042E21CD3100148A72 /* Debug */ = {
			isa = XCBuildConfiguration;
			buildSettings = {
				ASSETCATALOG_COMPILER_APPICON_NAME = AppIcon;
				ASSETCATALOG_COMPILER_GLOBAL_ACCENT_COLOR_NAME = AccentColor;
				CODE_SIGN_ENTITLEMENTS = Shroudinger.entitlements;
				"CODE_SIGN_IDENTITY[sdk=macosx*]" = "Apple Development";
				CODE_SIGN_STYLE = Automatic;
				COMBINE_HIDPI_IMAGES = YES;
				CURRENT_PROJECT_VERSION = 1;
				DEVELOPMENT_TEAM = AGNFU8AHY4;
				ENABLE_HARDENED_RUNTIME = YES;
				ENABLE_PREVIEWS = YES;
				GENERATE_INFOPLIST_FILE = YES;
				INFOPLIST_KEY_LSApplicationCategoryType = "public.app-category.utilities";
				INFOPLIST_KEY_NSHumanReadableCopyright = "";
				LD_RUNPATH_SEARCH_PATHS = (
					"$(inherited)",
					"@executable_path/../Frameworks",
				);
				MACOSX_DEPLOYMENT_TARGET = 13.0;
				MARKETING_VERSION = 1.0;
				PRODUCT_BUNDLE_IDENTIFIER = "$(PRODUCT_BUNDLE_IDENTIFIER)";
				PRODUCT_NAME = "$(TARGET_NAME)";
				REGISTER_APP_GROUPS = YES;
				SWIFT_EMIT_LOC_STRINGS = YES;
				SWIFT_VERSION = 5.0;
			};
			name = Debug;
		};
		E0F3C7052E21CD3100148A72 /* Release */ = {
			isa = XCBuildConfiguration;
			buildSettings = {
				ASSETCATALOG_COMPILER_APPICON_NAME = AppIcon;
				ASSETCATALOG_COMPILER_GLOBAL_ACCENT_COLOR_NAME = AccentColor;
				CODE_SIGN_ENTITLEMENTS = Shroudinger.entitlements;
				"CODE_SIGN_IDENTITY[sdk=macosx*]" = "Apple Development";
				CODE_SIGN_STYLE = Automatic;
				COMBINE_HIDPI_IMAGES = YES;
				CURRENT_PROJECT_VERSION = 1;
				DEVELOPMENT_TEAM = AGNFU8AHY4;
				ENABLE_HARDENED_RUNTIME = YES;
				ENABLE_PREVIEWS = YES;
				GENERATE_INFOPLIST_FILE = YES;
				INFOPLIST_KEY_LSApplicationCategoryType = "public.app-category.utilities";
				INFOPLIST_KEY_NSHumanReadableCopyright = "";
				LD_RUNPATH_SEARCH_PATHS = (
					"$(inherited)",
					"@executable_path/../Frameworks",
				);
				MACOSX_DEPLOYMENT_TARGET = 13.0;
				MARKETING_VERSION = 1.0;
				PRODUCT_BUNDLE_IDENTIFIER = "$(PRODUCT_BUNDLE_IDENTIFIER)";
				PRODUCT_NAME = "$(TARGET_NAME)";
				REGISTER_APP_GROUPS = YES;
				SWIFT_EMIT_LOC_STRINGS = YES;
				SWIFT_VERSION = 5.0;
			};
			name = Release;
		};
		E0F3C7072E21CD3100148A72 /* Debug */ = {
			isa = XCBuildConfiguration;
			buildSettings = {
				BUNDLE_LOADER = "$(TEST_HOST)";
				CODE_SIGN_STYLE = Automatic;
				CURRENT_PROJECT_VERSION = 1;
				DEVELOPMENT_TEAM = AGNFU8AHY4;
				GENERATE_INFOPLIST_FILE = YES;
				MACOSX_DEPLOYMENT_TARGET = 13.0;
				MARKETING_VERSION = 1.0;
				PRODUCT_BUNDLE_IDENTIFIER = "$(PRODUCT_BUNDLE_IDENTIFIER).Tests";
				PRODUCT_NAME = "$(TARGET_NAME)";
				SWIFT_EMIT_LOC_STRINGS = NO;
				SWIFT_VERSION = 5.0;
				TEST_HOST = "$(BUILT_PRODUCTS_DIR)/Shroudinger.app/$(BUNDLE_EXECUTABLE_FOLDER_PATH)/Shroudinger";
			};
			name = Debug;
		};
		E0F3C7082E21CD3100148A72 /* Release */ = {
			isa = XCBuildConfiguration;
			buildSettings = {
				BUNDLE_LOADER = "$(TEST_HOST)";
				CODE_SIGN_STYLE = Automatic;
				CURRENT_PROJECT_VERSION = 1;
				DEVELOPMENT_TEAM = AGNFU8AHY4;
				GENERATE_INFOPLIST_FILE = YES;
				MACOSX_DEPLOYMENT_TARGET = 13.0;
				MARKETING_VERSION = 1.0;
				PRODUCT_BUNDLE_IDENTIFIER = "$(PRODUCT_BUNDLE_IDENTIFIER).Tests";
				PRODUCT_NAME = "$(TARGET_NAME)";
				SWIFT_EMIT_LOC_STRINGS = NO;
				SWIFT_VERSION = 5.0;
				TEST_HOST = "$(BUILT_PRODUCTS_DIR)/Shroudinger.app/$(BUNDLE_EXECUTABLE_FOLDER_PATH)/Shroudinger";
			};
			name = Release;
		};
		E0F3C70A2E21CD3100148A72 /* Debug */ = {
			isa = XCBuildConfiguration;
			buildSettings = {
				CODE_SIGN_STYLE = Automatic;
				CURRENT_PROJECT_VERSION = 1;
				DEVELOPMENT_TEAM = AGNFU8AHY4;
				GENERATE_INFOPLIST_FILE = YES;
				MARKETING_VERSION = 1.0;
				PRODUCT_BUNDLE_IDENTIFIER = "$(PRODUCT_BUNDLE_IDENTIFIER).UITests";
				PRODUCT_NAME = "$(TARGET_NAME)";
				SWIFT_EMIT_LOC_STRINGS = NO;
				SWIFT_VERSION = 5.0;
				TEST_TARGET_NAME = Shroudinger;
			};
			name = Debug;
		};
		E0F3C70B2E21CD3100148A72 /* Release */ = {
			isa = XCBuildConfiguration;
			buildSettings = {
				CODE_SIGN_STYLE = Automatic;
				CURRENT_PROJECT_VERSION = 1;
				DEVELOPMENT_TEAM = AGNFU8AHY4;
				GENERATE_INFOPLIST_FILE = YES;
				MARKETING_VERSION = 1.0;
				PRODUCT_BUNDLE_IDENTIFIER = "$(PRODUCT_BUNDLE_IDENTIFIER).UITests";
				PRODUCT_NAME = "$(TARGET_NAME)";
				SWIFT_EMIT_LOC_STRINGS = NO;
				SWIFT_VERSION = 5.0;
				TEST_TARGET_NAME = Shroudinger;
			};
			name = Release;
		};
		E0F3C72B2E21D2F600148A72 /* Debug */ = {
			isa = XCBuildConfiguration;
			buildSettings = {
				CODE_SIGN_ENTITLEMENTS = ShroudingerExtension/ShroudingerExtension.entitlements;
				CODE_SIGN_STYLE = Automatic;
				CURRENT_PROJECT_VERSION = 1;
				DEVELOPMENT_TEAM = AGNFU8AHY4;
				ENABLE_HARDENED_RUNTIME = YES;
				GENERATE_INFOPLIST_FILE = YES;
				INFOPLIST_KEY_CFBundleDisplayName = ShroudingerExtension;
				INFOPLIST_KEY_NSHumanReadableCopyright = "";
				LD_RUNPATH_SEARCH_PATHS = (
					"$(inherited)",
					"@executable_path/../Frameworks",
					"@executable_path/../../../../Frameworks",
				);
				MACOSX_DEPLOYMENT_TARGET = 13.0;
				MARKETING_VERSION = 1.0;
				PRODUCT_BUNDLE_IDENTIFIER = "$(PRODUCT_BUNDLE_IDENTIFIER).ShroudingerExtension";
				PRODUCT_NAME = "$(TARGET_NAME)";
				SKIP_INSTALL = YES;
				SWIFT_EMIT_LOC_STRINGS = YES;
				SWIFT_VERSION = 5.0;
			};
			name = Debug;
		};
		E0F3C72C2E21D2F600148A72 /* Release */ = {
			isa = XCBuildConfiguration;
			buildSettings = {
				CODE_SIGN_ENTITLEMENTS = ShroudingerExtension/ShroudingerExtension.entitlements;
				CODE_SIGN_STYLE = Automatic;
				CURRENT_PROJECT_VERSION = 1;
				DEVELOPMENT_TEAM = AGNFU8AHY4;
				ENABLE_HARDENED_RUNTIME = YES;
				GENERATE_INFOPLIST_FILE = YES;
				INFOPLIST_KEY_CFBundleDisplayName = ShroudingerExtension;
				INFOPLIST_KEY_NSHumanReadableCopyright = "";
				LD_RUNPATH_SEARCH_PATHS = (
					"$(inherited)",
					"@executable_path/../Frameworks",
					"@executable_path/../../../../Frameworks",
				);
				MACOSX_DEPLOYMENT_TARGET = 13.0;
				MARKETING_VERSION = 1.0;
				PRODUCT_BUNDLE_IDENTIFIER = "$(PRODUCT_BUNDLE_IDENTIFIER).ShroudingerExtension";
				PRODUCT_NAME = "$(TARGET_NAME)";
				SKIP_INSTALL = YES;
				SWIFT_EMIT_LOC_STRINGS = YES;
				SWIFT_VERSION = 5.0;
			};
			name = Release;
		};
/* End XCBuildConfiguration section */

/* Begin XCConfigurationList section */
		E0F3C6DC2E21CD3000148A72 /* Build configuration list for PBXProject "Shroudinger" */ = {
			isa = XCConfigurationList;
			buildConfigurations = (
				E0F3C7012E21CD3100148A72 /* Debug */,
				E0F3C7022E21CD3100148A72 /* Release */,
			);
			defaultConfigurationIsVisible = 0;
			defaultConfigurationName = Release;
		};
		E0F3C7032E21CD3100148A72 /* Build configuration list for PBXNativeTarget "Shroudinger" */ = {
			isa = XCConfigurationList;
			buildConfigurations = (
				E0F3C7042E21CD3100148A72 /* Debug */,
				E0F3C7052E21CD3100148A72 /* Release */,
			);
			defaultConfigurationIsVisible = 0;
			defaultConfigurationName = Release;
		};
		E0F3C7062E21CD3100148A72 /* Build configuration list for PBXNativeTarget "ShroudingerTests" */ = {
			isa = XCConfigurationList;
			buildConfigurations = (
				E0F3C7072E21CD3100148A72 /* Debug */,
				E0F3C7082E21CD3100148A72 /* Release */,
			);
			defaultConfigurationIsVisible = 0;
			defaultConfigurationName = Release;
		};
		E0F3C7092E21CD3100148A72 /* Build configuration list for PBXNativeTarget "ShroudingerUITests" */ = {
			isa = XCConfigurationList;
			buildConfigurations = (
				E0F3C70A2E21CD3100148A72 /* Debug */,
				E0F3C70B2E21CD3100148A72 /* Release */,
			);
			defaultConfigurationIsVisible = 0;
			defaultConfigurationName = Release;
		};
		E0F3C72A2E21D2F600148A72 /* Build configuration list for PBXNativeTarget "ShroudingerExtension" */ = {
			isa = XCConfigurationList;
			buildConfigurations = (
				E0F3C72B2E21D2F600148A72 /* Debug */,
				E0F3C72C2E21D2F600148A72 /* Release */,
			);
			defaultConfigurationIsVisible = 0;
			defaultConfigurationName = Release;
		};
/* End XCConfigurationList section */
	};
	rootObject = E0F3C6D92E21CD3000148A72 /* Project object */;
}
